
Microsoft Visual Studio Solution File, Format Version 12.00
# Visual Studio 14
VisualStudioVersion = 14.0.24720.0
MinimumVisualStudioVersion = 10.0.40219.1
Project("{8BC9CEB8-8B4A-11D0-8D11-00A0C91BC942}") = "CDFilter", "CDFilter\CDFilter.vcxproj", "{D2087FC8-07D5-4D2C-8386-15FA250BD3CD}"
EndProject
Project("{8BC9CEB8-8B4A-11D0-8D11-00A0C91BC942}") = "CDFilter Package", "CDFilter Package\CDFilter Package.vcxproj", "{ADC91938-245E-4B17-B9F2-F23195D22DFD}"
EndProject
Global
	GlobalSection(SolutionConfigurationPlatforms) = preSolution
		Debug|x64 = Debug|x64
		Debug|x86 = Debug|x86
		Release|x64 = Release|x64
		Release|x86 = Release|x86
	EndGlobalSection
	GlobalSection(ProjectConfigurationPlatforms) = postSolution
		{D2087FC8-07D5-4D2C-8386-15FA250BD3CD}.Debug|x64.ActiveCfg = Debug|x64
		{D2087FC8-07D5-4D2C-8386-15FA250BD3CD}.Debug|x64.Build.0 = Debug|x64
		{D2087FC8-07D5-4D2C-8386-15FA250BD3CD}.Debug|x64.Deploy.0 = Debug|x64
		{D2087FC8-07D5-4D2C-8386-15FA250BD3CD}.Debug|x86.ActiveCfg = Debug|Win32
		{D2087FC8-07D5-4D2C-8386-15FA250BD3CD}.Debug|x86.Build.0 = Debug|Win32
		{D2087FC8-07D5-4D2C-8386-15FA250BD3CD}.Debug|x86.Deploy.0 = Debug|Win32
		{D2087FC8-07D5-4D2C-8386-15FA250BD3CD}.Release|x64.ActiveCfg = Release|x64
		{D2087FC8-07D5-4D2C-8386-15FA250BD3CD}.Release|x64.Build.0 = Release|x64
		{D2087FC8-07D5-4D2C-8386-15FA250BD3CD}.Release|x64.Deploy.0 = Release|x64
		{D2087FC8-07D5-4D2C-8386-15FA250BD3CD}.Release|x86.ActiveCfg = Release|Win32
		{D2087FC8-07D5-4D2C-8386-15FA250BD3CD}.Release|x86.Build.0 = Release|Win32
		{D2087FC8-07D5-4D2C-8386-15FA250BD3CD}.Release|x86.Deploy.0 = Release|Win32
		{ADC91938-245E-4B17-B9F2-F23195D22DFD}.Debug|x64.ActiveCfg = Debug|x64
		{ADC91938-245E-4B17-B9F2-F23195D22DFD}.Debug|x64.Build.0 = Debug|x64
		{ADC91938-245E-4B17-B9F2-F23195D22DFD}.Debug|x64.Deploy.0 = Debug|x64
		{ADC91938-245E-4B17-B9F2-F23195D22DFD}.Debug|x86.ActiveCfg = Debug|Win32
		{ADC91938-245E-4B17-B9F2-F23195D22DFD}.Debug|x86.Build.0 = Debug|Win32
		{ADC91938-245E-4B17-B9F2-F23195D22DFD}.Debug|x86.Deploy.0 = Debug|Win32
		{ADC91938-245E-4B17-B9F2-F23195D22DFD}.Release|x64.ActiveCfg = Release|x64
		{ADC91938-245E-4B17-B9F2-F23195D22DFD}.Release|x64.Build.0 = Release|x64
		{ADC91938-245E-4B17-B9F2-F23195D22DFD}.Release|x64.Deploy.0 = Release|x64
		{ADC91938-245E-4B17-B9F2-F23195D22DFD}.Release|x86.ActiveCfg = Release|Win32
		{ADC91938-245E-4B17-B9F2-F23195D22DFD}.Release|x86.Build.0 = Release|Win32
		{ADC91938-245E-4B17-B9F2-F23195D22DFD}.Release|x86.Deploy.0 = Release|Win32
	EndGlobalSection
	GlobalSection(SolutionProperties) = preSolution
		HideSolutionNode = FALSE
	EndGlobalSection
EndGlobal
